
Microsoft Visual Studio Solution File, Format Version 12.00
# Visual Studio 15
VisualStudioVersion = 15.0.26730.15
MinimumVisualStudioVersion = 10.0.40219.1
Project("{FAE04EC0-301F-11D3-BF4B-00C04F79EFBC}") = "EqualityBuilder", "EqualityBuilder\EqualityBuilder.csproj", "{252C0ABD-AB6D-424D-BB82-F36B8C7C616A}"
EndProject
Project("{FAE04EC0-301F-11D3-BF4B-00C04F79EFBC}") = "EqualityBuilder.Tests", "EqualityBuilder.Tests\EqualityBuilder.Tests.csproj", "{BA030CD0-23CE-49F1-81C6-D61B8960A1C9}"
EndProject
Project("{2150E333-8FDC-42A3-9474-1A3956D46DE8}") = "Solution Items", "Solution Items", "{A28AD8D7-9537-41B3-8528-5031A89A8642}"
	ProjectSection(SolutionItems) = preProject
		build.cmd = build.cmd
		build.proj = build.proj
		EqualityBuilder.nuspec = EqualityBuilder.nuspec
	EndProjectSection
EndProject
Global
	GlobalSection(SolutionConfigurationPlatforms) = preSolution
		Debug|Any CPU = Debug|Any CPU
		Release|Any CPU = Release|Any CPU
	EndGlobalSection
	GlobalSection(ProjectConfigurationPlatforms) = postSolution
		{252C0ABD-AB6D-424D-BB82-F36B8C7C616A}.Debug|Any CPU.ActiveCfg = Debug|Any CPU
		{252C0ABD-AB6D-424D-BB82-F36B8C7C616A}.Debug|Any CPU.Build.0 = Debug|Any CPU
		{252C0ABD-AB6D-424D-BB82-F36B8C7C616A}.Release|Any CPU.ActiveCfg = Release|Any CPU
		{252C0ABD-AB6D-424D-BB82-F36B8C7C616A}.Release|Any CPU.Build.0 = Release|Any CPU
		{BA030CD0-23CE-49F1-81C6-D61B8960A1C9}.Debug|Any CPU.ActiveCfg = Debug|Any CPU
		{BA030CD0-23CE-49F1-81C6-D61B8960A1C9}.Debug|Any CPU.Build.0 = Debug|Any CPU
		{BA030CD0-23CE-49F1-81C6-D61B8960A1C9}.Release|Any CPU.ActiveCfg = Release|Any CPU
		{BA030CD0-23CE-49F1-81C6-D61B8960A1C9}.Release|Any CPU.Build.0 = Release|Any CPU
	EndGlobalSection
	GlobalSection(SolutionProperties) = preSolution
		HideSolutionNode = FALSE
	EndGlobalSection
	GlobalSection(ExtensibilityGlobals) = postSolution
		SolutionGuid = {48C55D47-A6AC-4D75-A5E8-B0F045F39508}
	EndGlobalSection
EndGlobal
